
Microsoft Visual Studio Solution File, Format Version 12.00
# Visual Studio Version 17
VisualStudioVersion = 17.5.33424.131
MinimumVisualStudioVersion = 10.0.40219.1
Project("{FAE04EC0-301F-11D3-BF4B-00C04F79EFBC}") = "Homework__Restaurant", "Homework__Restaurant\Homework__Restaurant.csproj", "{E2E3268F-FF48-421F-BBA5-A1454B83444C}"
EndProject
Global
	GlobalSection(SolutionConfigurationPlatforms) = preSolution
		Debug|Any CPU = Debug|Any CPU
		Release|Any CPU = Release|Any CPU
	EndGlobalSection
	GlobalSection(ProjectConfigurationPlatforms) = postSolution
		{E2E3268F-FF48-421F-BBA5-A1454B83444C}.Debug|Any CPU.ActiveCfg = Debug|Any CPU
		{E2E3268F-FF48-421F-BBA5-A1454B83444C}.Debug|Any CPU.Build.0 = Debug|Any CPU
		{E2E3268F-FF48-421F-BBA5-A1454B83444C}.Release|Any CPU.ActiveCfg = Release|Any CPU
		{E2E3268F-FF48-421F-BBA5-A1454B83444C}.Release|Any CPU.Build.0 = Release|Any CPU
	EndGlobalSection
	GlobalSection(SolutionProperties) = preSolution
		HideSolutionNode = FALSE
	EndGlobalSection
	GlobalSection(ExtensibilityGlobals) = postSolution
		SolutionGuid = {C8556727-3263-47C3-A496-AA8FD63423DC}
	EndGlobalSection
EndGlobal
